
Microsoft Visual Studio Solution File, Format Version 12.00
# Visual Studio Version 16
VisualStudioVersion = 16.0.30717.126
MinimumVisualStudioVersion = 10.0.40219.1
Project("{2150E333-8FDC-42A3-9474-1A3956D46DE8}") = "FrontEnd", "FrontEnd", "{83E110B8-8D00-4D68-B99A-92A672338EEA}"
EndProject
Project("{9A19103F-16F7-4668-BE54-9A1E7A4F7556}") = "ChacourShop.UI", "FrontEnd\ChacourShop.UI\ChacourShop.UI.csproj", "{CA222AFA-4CBC-471E-BDF2-FBE28BE73425}"
EndProject
Project("{2150E333-8FDC-42A3-9474-1A3956D46DE8}") = "BackEnd", "BackEnd", "{38079462-37EA-4122-A627-FD3990C6E940}"
EndProject
Project("{2150E333-8FDC-42A3-9474-1A3956D46DE8}") = "Services", "Services", "{6BC27037-A1CF-4F90-B27A-CCC85D09F37F}"
EndProject
Project("{9A19103F-16F7-4668-BE54-9A1E7A4F7556}") = "ChacourShop.ProductAPI", "BackEnd\Servives\ChacourShop.ProductAPI\ChacourShop.ProductAPI.csproj", "{F3E11B6F-2A80-41E8-8E7C-232F57985834}"
EndProject
Project("{2150E333-8FDC-42A3-9474-1A3956D46DE8}") = "IdentityServer", "IdentityServer", "{0B483993-5441-47CE-821A-27D68489CA83}"
EndProject
Project("{9A19103F-16F7-4668-BE54-9A1E7A4F7556}") = "ChacourShop.OAuth", "BackEnd\IdentityServer\ChacourShop.OAuth\ChacourShop.OAuth.csproj", "{C0185647-C478-4C06-A91D-8C99944F2086}"
EndProject
Project("{9A19103F-16F7-4668-BE54-9A1E7A4F7556}") = "ChacourShop.ShoppingCartAPI", "BackEnd\Services\ChacourShop.ShoppingCartAPI\ChacourShop.ShoppingCartAPI.csproj", "{61E59363-A108-4996-87FE-15AD0C3CDD6F}"
EndProject
Project("{9A19103F-16F7-4668-BE54-9A1E7A4F7556}") = "ChacourShop.CouponAPI", "BackEnd\Services\CouponAPI\ChacourShop.CouponAPI.csproj", "{97E11922-5AAE-47C5-A184-2931A8C65C7A}"
EndProject
Project("{2150E333-8FDC-42A3-9474-1A3956D46DE8}") = "Integration", "Integration", "{8B8FF924-B670-4083-8498-DDF6FE9C75FA}"
EndProject
Project("{FAE04EC0-301F-11D3-BF4B-00C04F79EFBC}") = "ChacourShop.MessageBus", "Integration\ChacourShop.MessageBus\ChacourShop.MessageBus.csproj", "{6D29EB93-1B68-42A2-868C-72C7F0E96605}"
EndProject
Project("{FAE04EC0-301F-11D3-BF4B-00C04F79EFBC}") = "ChacourShop.OrderAPI", "BackEnd\Services\ChacourShop.OrderAPI\ChacourShop.OrderAPI.csproj", "{190D9A84-D77E-4CD6-A44E-ED51C4F4B791}"
EndProject
Project("{FAE04EC0-301F-11D3-BF4B-00C04F79EFBC}") = "ChacourShop.PaymentAPI", "BackEnd\Services\ChacourShop.PaymentAPI\ChacourShop.PaymentAPI.csproj", "{49F7492F-7435-4D16-9D40-0828B47EB60F}"
EndProject
Project("{2150E333-8FDC-42A3-9474-1A3956D46DE8}") = "Payments", "Payments", "{E99576BD-5E4C-4982-83C6-CE51639B2BCB}"
EndProject
Project("{FAE04EC0-301F-11D3-BF4B-00C04F79EFBC}") = "ChacourShop.PaymentProcessor", "Payments\ChacourShop.PaymentProcessor\ChacourShop.PaymentProcessor.csproj", "{D6056263-4575-40EF-A1BE-A50128C8B040}"
EndProject
Project("{FAE04EC0-301F-11D3-BF4B-00C04F79EFBC}") = "ChacourShop.EmailAPI", "BackEnd\Services\ChacourShop.EmailAPI\ChacourShop.EmailAPI.csproj", "{58EDF314-8E76-4B21-BA75-4F24CFA60144}"
EndProject
Project("{2150E333-8FDC-42A3-9474-1A3956D46DE8}") = "Gateway", "Gateway", "{146FAB47-B3D5-44FE-99FA-ACAFBDE9892A}"
EndProject
Project("{FAE04EC0-301F-11D3-BF4B-00C04F79EFBC}") = "ChacourShop.Gateway", "BackEnd\Gateway\ChacourShop.Gateway\ChacourShop.Gateway.csproj", "{8F15235A-D72E-489D-851E-D304B809D6B1}"
EndProject
Global
	GlobalSection(SolutionConfigurationPlatforms) = preSolution
		Debug|Any CPU = Debug|Any CPU
		Release|Any CPU = Release|Any CPU
	EndGlobalSection
	GlobalSection(ProjectConfigurationPlatforms) = postSolution
		{CA222AFA-4CBC-471E-BDF2-FBE28BE73425}.Debug|Any CPU.ActiveCfg = Debug|Any CPU
		{CA222AFA-4CBC-471E-BDF2-FBE28BE73425}.Debug|Any CPU.Build.0 = Debug|Any CPU
		{CA222AFA-4CBC-471E-BDF2-FBE28BE73425}.Release|Any CPU.ActiveCfg = Release|Any CPU
		{CA222AFA-4CBC-471E-BDF2-FBE28BE73425}.Release|Any CPU.Build.0 = Release|Any CPU
		{F3E11B6F-2A80-41E8-8E7C-232F57985834}.Debug|Any CPU.ActiveCfg = Debug|Any CPU
		{F3E11B6F-2A80-41E8-8E7C-232F57985834}.Debug|Any CPU.Build.0 = Debug|Any CPU
		{F3E11B6F-2A80-41E8-8E7C-232F57985834}.Release|Any CPU.ActiveCfg = Release|Any CPU
		{F3E11B6F-2A80-41E8-8E7C-232F57985834}.Release|Any CPU.Build.0 = Release|Any CPU
		{C0185647-C478-4C06-A91D-8C99944F2086}.Debug|Any CPU.ActiveCfg = Debug|Any CPU
		{C0185647-C478-4C06-A91D-8C99944F2086}.Debug|Any CPU.Build.0 = Debug|Any CPU
		{C0185647-C478-4C06-A91D-8C99944F2086}.Release|Any CPU.ActiveCfg = Release|Any CPU
		{C0185647-C478-4C06-A91D-8C99944F2086}.Release|Any CPU.Build.0 = Release|Any CPU
		{61E59363-A108-4996-87FE-15AD0C3CDD6F}.Debug|Any CPU.ActiveCfg = Debug|Any CPU
		{61E59363-A108-4996-87FE-15AD0C3CDD6F}.Debug|Any CPU.Build.0 = Debug|Any CPU
		{61E59363-A108-4996-87FE-15AD0C3CDD6F}.Release|Any CPU.ActiveCfg = Release|Any CPU
		{61E59363-A108-4996-87FE-15AD0C3CDD6F}.Release|Any CPU.Build.0 = Release|Any CPU
		{97E11922-5AAE-47C5-A184-2931A8C65C7A}.Debug|Any CPU.ActiveCfg = Debug|Any CPU
		{97E11922-5AAE-47C5-A184-2931A8C65C7A}.Debug|Any CPU.Build.0 = Debug|Any CPU
		{97E11922-5AAE-47C5-A184-2931A8C65C7A}.Release|Any CPU.ActiveCfg = Release|Any CPU
		{97E11922-5AAE-47C5-A184-2931A8C65C7A}.Release|Any CPU.Build.0 = Release|Any CPU
		{6D29EB93-1B68-42A2-868C-72C7F0E96605}.Debug|Any CPU.ActiveCfg = Debug|Any CPU
		{6D29EB93-1B68-42A2-868C-72C7F0E96605}.Debug|Any CPU.Build.0 = Debug|Any CPU
		{6D29EB93-1B68-42A2-868C-72C7F0E96605}.Release|Any CPU.ActiveCfg = Release|Any CPU
		{6D29EB93-1B68-42A2-868C-72C7F0E96605}.Release|Any CPU.Build.0 = Release|Any CPU
		{190D9A84-D77E-4CD6-A44E-ED51C4F4B791}.Debug|Any CPU.ActiveCfg = Debug|Any CPU
		{190D9A84-D77E-4CD6-A44E-ED51C4F4B791}.Debug|Any CPU.Build.0 = Debug|Any CPU
		{190D9A84-D77E-4CD6-A44E-ED51C4F4B791}.Release|Any CPU.ActiveCfg = Release|Any CPU
		{190D9A84-D77E-4CD6-A44E-ED51C4F4B791}.Release|Any CPU.Build.0 = Release|Any CPU
		{49F7492F-7435-4D16-9D40-0828B47EB60F}.Debug|Any CPU.ActiveCfg = Debug|Any CPU
		{49F7492F-7435-4D16-9D40-0828B47EB60F}.Debug|Any CPU.Build.0 = Debug|Any CPU
		{49F7492F-7435-4D16-9D40-0828B47EB60F}.Release|Any CPU.ActiveCfg = Release|Any CPU
		{49F7492F-7435-4D16-9D40-0828B47EB60F}.Release|Any CPU.Build.0 = Release|Any CPU
		{D6056263-4575-40EF-A1BE-A50128C8B040}.Debug|Any CPU.ActiveCfg = Debug|Any CPU
		{D6056263-4575-40EF-A1BE-A50128C8B040}.Debug|Any CPU.Build.0 = Debug|Any CPU
		{D6056263-4575-40EF-A1BE-A50128C8B040}.Release|Any CPU.ActiveCfg = Release|Any CPU
		{D6056263-4575-40EF-A1BE-A50128C8B040}.Release|Any CPU.Build.0 = Release|Any CPU
		{58EDF314-8E76-4B21-BA75-4F24CFA60144}.Debug|Any CPU.ActiveCfg = Debug|Any CPU
		{58EDF314-8E76-4B21-BA75-4F24CFA60144}.Debug|Any CPU.Build.0 = Debug|Any CPU
		{58EDF314-8E76-4B21-BA75-4F24CFA60144}.Release|Any CPU.ActiveCfg = Release|Any CPU
		{58EDF314-8E76-4B21-BA75-4F24CFA60144}.Release|Any CPU.Build.0 = Release|Any CPU
		{8F15235A-D72E-489D-851E-D304B809D6B1}.Debug|Any CPU.ActiveCfg = Debug|Any CPU
		{8F15235A-D72E-489D-851E-D304B809D6B1}.Debug|Any CPU.Build.0 = Debug|Any CPU
		{8F15235A-D72E-489D-851E-D304B809D6B1}.Release|Any CPU.ActiveCfg = Release|Any CPU
		{8F15235A-D72E-489D-851E-D304B809D6B1}.Release|Any CPU.Build.0 = Release|Any CPU
	EndGlobalSection
	GlobalSection(SolutionProperties) = preSolution
		HideSolutionNode = FALSE
	EndGlobalSection
	GlobalSection(NestedProjects) = preSolution
		{CA222AFA-4CBC-471E-BDF2-FBE28BE73425} = {83E110B8-8D00-4D68-B99A-92A672338EEA}
		{6BC27037-A1CF-4F90-B27A-CCC85D09F37F} = {38079462-37EA-4122-A627-FD3990C6E940}
		{F3E11B6F-2A80-41E8-8E7C-232F57985834} = {6BC27037-A1CF-4F90-B27A-CCC85D09F37F}
		{0B483993-5441-47CE-821A-27D68489CA83} = {38079462-37EA-4122-A627-FD3990C6E940}
		{C0185647-C478-4C06-A91D-8C99944F2086} = {0B483993-5441-47CE-821A-27D68489CA83}
		{61E59363-A108-4996-87FE-15AD0C3CDD6F} = {6BC27037-A1CF-4F90-B27A-CCC85D09F37F}
		{97E11922-5AAE-47C5-A184-2931A8C65C7A} = {6BC27037-A1CF-4F90-B27A-CCC85D09F37F}
		{6D29EB93-1B68-42A2-868C-72C7F0E96605} = {8B8FF924-B670-4083-8498-DDF6FE9C75FA}
		{190D9A84-D77E-4CD6-A44E-ED51C4F4B791} = {6BC27037-A1CF-4F90-B27A-CCC85D09F37F}
		{49F7492F-7435-4D16-9D40-0828B47EB60F} = {6BC27037-A1CF-4F90-B27A-CCC85D09F37F}
		{D6056263-4575-40EF-A1BE-A50128C8B040} = {E99576BD-5E4C-4982-83C6-CE51639B2BCB}
		{58EDF314-8E76-4B21-BA75-4F24CFA60144} = {6BC27037-A1CF-4F90-B27A-CCC85D09F37F}
		{146FAB47-B3D5-44FE-99FA-ACAFBDE9892A} = {38079462-37EA-4122-A627-FD3990C6E940}
		{8F15235A-D72E-489D-851E-D304B809D6B1} = {146FAB47-B3D5-44FE-99FA-ACAFBDE9892A}
	EndGlobalSection
	GlobalSection(ExtensibilityGlobals) = postSolution
		SolutionGuid = {DB4ADA6F-8F4B-4B84-BA45-864BB5D23A06}
	EndGlobalSection
EndGlobal
